// !$*UTF8*$!
{
	archiveVersion = 1;
	classes = {
	};
	objectVersion = 56;
	objects = {

/* Begin PBXBuildFile section */
		CF5DB7C32B9AC2EC00FF61D6 /* route_planning_appApp.swift in Sources */ = {isa = PBXBuildFile; fileRef = CF5DB7C22B9AC2EC00FF61D6 /* route_planning_appApp.swift */; };
		CF5DB7C52B9AC2EC00FF61D6 /* ContentView.swift in Sources */ = {isa = PBXBuildFile; fileRef = CF5DB7C42B9AC2EC00FF61D6 /* ContentView.swift */; };
		CF5DB7C72B9AC2EF00FF61D6 /* Assets.xcassets in Resources */ = {isa = PBXBuildFile; fileRef = CF5DB7C62B9AC2EF00FF61D6 /* Assets.xcassets */; };
		CF5DB7CA2B9AC2EF00FF61D6 /* Preview Assets.xcassets in Resources */ = {isa = PBXBuildFile; fileRef = CF5DB7C92B9AC2EF00FF61D6 /* Preview Assets.xcassets */; };
		CF5DB7D32B9AC38C00FF61D6 /* LoginView.swift in Sources */ = {isa = PBXBuildFile; fileRef = CF5DB7D22B9AC38C00FF61D6 /* LoginView.swift */; };
		CF5DB7D52B9AC3E400FF61D6 /* SignUpView.swift in Sources */ = {isa = PBXBuildFile; fileRef = CF5DB7D42B9AC3E400FF61D6 /* SignUpView.swift */; };
		CF5DB7D72B9AC41400FF61D6 /* AuthView.swift in Sources */ = {isa = PBXBuildFile; fileRef = CF5DB7D62B9AC41400FF61D6 /* AuthView.swift */; };
		CF5DB7D92B9AC5BB00FF61D6 /* String.swift in Sources */ = {isa = PBXBuildFile; fileRef = CF5DB7D82B9AC5BB00FF61D6 /* String.swift */; };
		CF5DB7DB2B9ACBA900FF61D6 /* GoogleService-Info.plist in Resources */ = {isa = PBXBuildFile; fileRef = CF5DB7DA2B9ACBA900FF61D6 /* GoogleService-Info.plist */; };
		CF5DB7E32B9AEBAC00FF61D6 /* FirebaseAnalytics in Frameworks */ = {isa = PBXBuildFile; productRef = CF5DB7E22B9AEBAC00FF61D6 /* FirebaseAnalytics */; };
		CF5DB7E52B9AEBAC00FF61D6 /* FirebaseAnalyticsSwift in Frameworks */ = {isa = PBXBuildFile; productRef = CF5DB7E42B9AEBAC00FF61D6 /* FirebaseAnalyticsSwift */; };
		CF5DB7E72B9AEBAC00FF61D6 /* FirebaseAuth in Frameworks */ = {isa = PBXBuildFile; productRef = CF5DB7E62B9AEBAC00FF61D6 /* FirebaseAuth */; };
		CF5DB7E92B9AEBAC00FF61D6 /* FirebaseFirestore in Frameworks */ = {isa = PBXBuildFile; productRef = CF5DB7E82B9AEBAC00FF61D6 /* FirebaseFirestore */; };
		CF5DB7EB2B9AFA4900FF61D6 /* AuthenticationManager.swift in Sources */ = {isa = PBXBuildFile; fileRef = CF5DB7EA2B9AFA4800FF61D6 /* AuthenticationManager.swift */; };
/* End PBXBuildFile section */

/* Begin PBXFileReference section */
		CF5DB7BF2B9AC2EC00FF61D6 /* route-planning-app.app */ = {isa = PBXFileReference; explicitFileType = wrapper.application; includeInIndex = 0; path = "route-planning-app.app"; sourceTree = BUILT_PRODUCTS_DIR; };
		CF5DB7C22B9AC2EC00FF61D6 /* route_planning_appApp.swift */ = {isa = PBXFileReference; lastKnownFileType = sourcecode.swift; path = route_planning_appApp.swift; sourceTree = "<group>"; };
		CF5DB7C42B9AC2EC00FF61D6 /* ContentView.swift */ = {isa = PBXFileReference; lastKnownFileType = sourcecode.swift; path = ContentView.swift; sourceTree = "<group>"; };
		CF5DB7C62B9AC2EF00FF61D6 /* Assets.xcassets */ = {isa = PBXFileReference; lastKnownFileType = folder.assetcatalog; path = Assets.xcassets; sourceTree = "<group>"; };
		CF5DB7C92B9AC2EF00FF61D6 /* Preview Assets.xcassets */ = {isa = PBXFileReference; lastKnownFileType = folder.assetcatalog; path = "Preview Assets.xcassets"; sourceTree = "<group>"; };
		CF5DB7D22B9AC38C00FF61D6 /* LoginView.swift */ = {isa = PBXFileReference; lastKnownFileType = sourcecode.swift; path = LoginView.swift; sourceTree = "<group>"; };
		CF5DB7D42B9AC3E400FF61D6 /* SignUpView.swift */ = {isa = PBXFileReference; lastKnownFileType = sourcecode.swift; path = SignUpView.swift; sourceTree = "<group>"; };
		CF5DB7D62B9AC41400FF61D6 /* AuthView.swift */ = {isa = PBXFileReference; lastKnownFileType = sourcecode.swift; path = AuthView.swift; sourceTree = "<group>"; };
		CF5DB7D82B9AC5BB00FF61D6 /* String.swift */ = {isa = PBXFileReference; lastKnownFileType = sourcecode.swift; path = String.swift; sourceTree = "<group>"; };
		CF5DB7DA2B9ACBA900FF61D6 /* GoogleService-Info.plist */ = {isa = PBXFileReference; fileEncoding = 4; lastKnownFileType = text.plist.xml; path = "GoogleService-Info.plist"; sourceTree = "<group>"; };
		CF5DB7EA2B9AFA4800FF61D6 /* AuthenticationManager.swift */ = {isa = PBXFileReference; lastKnownFileType = sourcecode.swift; path = AuthenticationManager.swift; sourceTree = "<group>"; };
/* End PBXFileReference section */

/* Begin PBXFrameworksBuildPhase section */
		CF5DB7BC2B9AC2EC00FF61D6 /* Frameworks */ = {
			isa = PBXFrameworksBuildPhase;
			buildActionMask = 2147483647;
			files = (
				CF5DB7E52B9AEBAC00FF61D6 /* FirebaseAnalyticsSwift in Frameworks */,
				CF5DB7E92B9AEBAC00FF61D6 /* FirebaseFirestore in Frameworks */,
				CF5DB7E72B9AEBAC00FF61D6 /* FirebaseAuth in Frameworks */,
				CF5DB7E32B9AEBAC00FF61D6 /* FirebaseAnalytics in Frameworks */,
			);
			runOnlyForDeploymentPostprocessing = 0;
		};
/* End PBXFrameworksBuildPhase section */

/* Begin PBXGroup section */
		CF5DB7B62B9AC2EC00FF61D6 = {
			isa = PBXGroup;
			children = (
				CF5DB7C12B9AC2EC00FF61D6 /* route-planning-app */,
				CF5DB7C02B9AC2EC00FF61D6 /* Products */,
			);
			sourceTree = "<group>";
		};
		CF5DB7C02B9AC2EC00FF61D6 /* Products */ = {
			isa = PBXGroup;
			children = (
				CF5DB7BF2B9AC2EC00FF61D6 /* route-planning-app.app */,
			);
			name = Products;
			sourceTree = "<group>";
		};
		CF5DB7C12B9AC2EC00FF61D6 /* route-planning-app */ = {
			isa = PBXGroup;
			children = (
				CF5DB7D02B9AC34B00FF61D6 /* Extensions */,
				CF5DB7D12B9AC36B00FF61D6 /* Authentication */,
				CF5DB7C22B9AC2EC00FF61D6 /* route_planning_appApp.swift */,
				CF5DB7C42B9AC2EC00FF61D6 /* ContentView.swift */,
				CF5DB7DA2B9ACBA900FF61D6 /* GoogleService-Info.plist */,
				CF5DB7C62B9AC2EF00FF61D6 /* Assets.xcassets */,
				CF5DB7C82B9AC2EF00FF61D6 /* Preview Content */,
			);
			path = "route-planning-app";
			sourceTree = "<group>";
		};
		CF5DB7C82B9AC2EF00FF61D6 /* Preview Content */ = {
			isa = PBXGroup;
			children = (
				CF5DB7C92B9AC2EF00FF61D6 /* Preview Assets.xcassets */,
			);
			path = "Preview Content";
			sourceTree = "<group>";
		};
		CF5DB7D02B9AC34B00FF61D6 /* Extensions */ = {
			isa = PBXGroup;
			children = (
				CF5DB7D82B9AC5BB00FF61D6 /* String.swift */,
			);
			path = Extensions;
			sourceTree = "<group>";
		};
		CF5DB7D12B9AC36B00FF61D6 /* Authentication */ = {
			isa = PBXGroup;
			children = (
				CF5DB7D22B9AC38C00FF61D6 /* LoginView.swift */,
				CF5DB7D42B9AC3E400FF61D6 /* SignUpView.swift */,
				CF5DB7D62B9AC41400FF61D6 /* AuthView.swift */,
				CF5DB7EA2B9AFA4800FF61D6 /* AuthenticationManager.swift */,
			);
			path = Authentication;
			sourceTree = "<group>";
		};
/* End PBXGroup section */

/* Begin PBXNativeTarget section */
		CF5DB7BE2B9AC2EC00FF61D6 /* route-planning-app */ = {
			isa = PBXNativeTarget;
			buildConfigurationList = CF5DB7CD2B9AC2EF00FF61D6 /* Build configuration list for PBXNativeTarget "route-planning-app" */;
			buildPhases = (
				CF5DB7BB2B9AC2EC00FF61D6 /* Sources */,
				CF5DB7BC2B9AC2EC00FF61D6 /* Frameworks */,
				CF5DB7BD2B9AC2EC00FF61D6 /* Resources */,
			);
			buildRules = (
			);
			dependencies = (
			);
			name = "route-planning-app";
			packageProductDependencies = (
				CF5DB7E22B9AEBAC00FF61D6 /* FirebaseAnalytics */,
				CF5DB7E42B9AEBAC00FF61D6 /* FirebaseAnalyticsSwift */,
				CF5DB7E62B9AEBAC00FF61D6 /* FirebaseAuth */,
				CF5DB7E82B9AEBAC00FF61D6 /* FirebaseFirestore */,
			);
			productName = "route-planning-app";
			productReference = CF5DB7BF2B9AC2EC00FF61D6 /* route-planning-app.app */;
			productType = "com.apple.product-type.application";
		};
/* End PBXNativeTarget section */

/* Begin PBXProject section */
		CF5DB7B72B9AC2EC00FF61D6 /* Project object */ = {
			isa = PBXProject;
			attributes = {
				BuildIndependentTargetsInParallel = 1;
				LastSwiftUpdateCheck = 1530;
				LastUpgradeCheck = 1530;
				TargetAttributes = {
					CF5DB7BE2B9AC2EC00FF61D6 = {
						CreatedOnToolsVersion = 15.3;
					};
				};
			};
			buildConfigurationList = CF5DB7BA2B9AC2EC00FF61D6 /* Build configuration list for PBXProject "route-planning-app" */;
			compatibilityVersion = "Xcode 14.0";
			developmentRegion = en;
			hasScannedForEncodings = 0;
			knownRegions = (
				en,
				Base,
			);
			mainGroup = CF5DB7B62B9AC2EC00FF61D6;
			packageReferences = (
				CF5DB7E12B9AEBAB00FF61D6 /* XCRemoteSwiftPackageReference "firebase-ios-sdk" */,
			);
			productRefGroup = CF5DB7C02B9AC2EC00FF61D6 /* Products */;
			projectDirPath = "";
			projectRoot = "";
			targets = (
				CF5DB7BE2B9AC2EC00FF61D6 /* route-planning-app */,
			);
		};
/* End PBXProject section */

/* Begin PBXResourcesBuildPhase section */
		CF5DB7BD2B9AC2EC00FF61D6 /* Resources */ = {
			isa = PBXResourcesBuildPhase;
			buildActionMask = 2147483647;
			files = (
				CF5DB7CA2B9AC2EF00FF61D6 /* Preview Assets.xcassets in Resources */,
				CF5DB7DB2B9ACBA900FF61D6 /* GoogleService-Info.plist in Resources */,
				CF5DB7C72B9AC2EF00FF61D6 /* Assets.xcassets in Resources */,
			);
			runOnlyForDeploymentPostprocessing = 0;
		};
/* End PBXResourcesBuildPhase section */

/* Begin PBXSourcesBuildPhase section */
		CF5DB7BB2B9AC2EC00FF61D6 /* Sources */ = {
			isa = PBXSourcesBuildPhase;
			buildActionMask = 2147483647;
			files = (
				CF5DB7D92B9AC5BB00FF61D6 /* String.swift in Sources */,
				CF5DB7EB2B9AFA4900FF61D6 /* AuthenticationManager.swift in Sources */,
				CF5DB7D52B9AC3E400FF61D6 /* SignUpView.swift in Sources */,
				CF5DB7D72B9AC41400FF61D6 /* AuthView.swift in Sources */,
				CF5DB7D32B9AC38C00FF61D6 /* LoginView.swift in Sources */,
				CF5DB7C52B9AC2EC00FF61D6 /* ContentView.swift in Sources */,
				CF5DB7C32B9AC2EC00FF61D6 /* route_planning_appApp.swift in Sources */,
			);
			runOnlyForDeploymentPostprocessing = 0;
		};
/* End PBXSourcesBuildPhase section */

/* Begin XCBuildConfiguration section */
		CF5DB7CB2B9AC2EF00FF61D6 /* Debug */ = {
			isa = XCBuildConfiguration;
			buildSettings = {
				ALWAYS_SEARCH_USER_PATHS = NO;
				ASSETCATALOG_COMPILER_GENERATE_SWIFT_ASSET_SYMBOL_EXTENSIONS = YES;
				CLANG_ANALYZER_NONNULL = YES;
				CLANG_ANALYZER_NUMBER_OBJECT_CONVERSION = YES_AGGRESSIVE;
				CLANG_CXX_LANGUAGE_STANDARD = "gnu++20";
				CLANG_ENABLE_MODULES = YES;
				CLANG_ENABLE_OBJC_ARC = YES;
				CLANG_ENABLE_OBJC_WEAK = YES;
				CLANG_WARN_BLOCK_CAPTURE_AUTORELEASING = YES;
				CLANG_WARN_BOOL_CONVERSION = YES;
				CLANG_WARN_COMMA = YES;
				CLANG_WARN_CONSTANT_CONVERSION = YES;
				CLANG_WARN_DEPRECATED_OBJC_IMPLEMENTATIONS = YES;
				CLANG_WARN_DIRECT_OBJC_ISA_USAGE = YES_ERROR;
				CLANG_WARN_DOCUMENTATION_COMMENTS = YES;
				CLANG_WARN_EMPTY_BODY = YES;
				CLANG_WARN_ENUM_CONVERSION = YES;
				CLANG_WARN_INFINITE_RECURSION = YES;
				CLANG_WARN_INT_CONVERSION = YES;
				CLANG_WARN_NON_LITERAL_NULL_CONVERSION = YES;
				CLANG_WARN_OBJC_IMPLICIT_RETAIN_SELF = YES;
				CLANG_WARN_OBJC_LITERAL_CONVERSION = YES;
				CLANG_WARN_OBJC_ROOT_CLASS = YES_ERROR;
				CLANG_WARN_QUOTED_INCLUDE_IN_FRAMEWORK_HEADER = YES;
				CLANG_WARN_RANGE_LOOP_ANALYSIS = YES;
				CLANG_WARN_STRICT_PROTOTYPES = YES;
				CLANG_WARN_SUSPICIOUS_MOVE = YES;
				CLANG_WARN_UNGUARDED_AVAILABILITY = YES_AGGRESSIVE;
				CLANG_WARN_UNREACHABLE_CODE = YES;
				CLANG_WARN__DUPLICATE_METHOD_MATCH = YES;
				COPY_PHASE_STRIP = NO;
				DEBUG_INFORMATION_FORMAT = dwarf;
				ENABLE_STRICT_OBJC_MSGSEND = YES;
				ENABLE_TESTABILITY = YES;
				ENABLE_USER_SCRIPT_SANDBOXING = YES;
				GCC_C_LANGUAGE_STANDARD = gnu17;
				GCC_DYNAMIC_NO_PIC = NO;
				GCC_NO_COMMON_BLOCKS = YES;
				GCC_OPTIMIZATION_LEVEL = 0;
				GCC_PREPROCESSOR_DEFINITIONS = (
					"DEBUG=1",
					"$(inherited)",
				);
				GCC_WARN_64_TO_32_BIT_CONVERSION = YES;
				GCC_WARN_ABOUT_RETURN_TYPE = YES_ERROR;
				GCC_WARN_UNDECLARED_SELECTOR = YES;
				GCC_WARN_UNINITIALIZED_AUTOS = YES_AGGRESSIVE;
				GCC_WARN_UNUSED_FUNCTION = YES;
				GCC_WARN_UNUSED_VARIABLE = YES;
				IPHONEOS_DEPLOYMENT_TARGET = 17.4;
				LOCALIZATION_PREFERS_STRING_CATALOGS = YES;
				MTL_ENABLE_DEBUG_INFO = INCLUDE_SOURCE;
				MTL_FAST_MATH = YES;
				ONLY_ACTIVE_ARCH = YES;
				SDKROOT = iphoneos;
				SWIFT_ACTIVE_COMPILATION_CONDITIONS = "DEBUG $(inherited)";
				SWIFT_OPTIMIZATION_LEVEL = "-Onone";
			};
			name = Debug;
		};
		CF5DB7CC2B9AC2EF00FF61D6 /* Release */ = {
			isa = XCBuildConfiguration;
			buildSettings = {
				ALWAYS_SEARCH_USER_PATHS = NO;
				ASSETCATALOG_COMPILER_GENERATE_SWIFT_ASSET_SYMBOL_EXTENSIONS = YES;
				CLANG_ANALYZER_NONNULL = YES;
				CLANG_ANALYZER_NUMBER_OBJECT_CONVERSION = YES_AGGRESSIVE;
				CLANG_CXX_LANGUAGE_STANDARD = "gnu++20";
				CLANG_ENABLE_MODULES = YES;
				CLANG_ENABLE_OBJC_ARC = YES;
				CLANG_ENABLE_OBJC_WEAK = YES;
				CLANG_WARN_BLOCK_CAPTURE_AUTORELEASING = YES;
				CLANG_WARN_BOOL_CONVERSION = YES;
				CLANG_WARN_COMMA = YES;
				CLANG_WARN_CONSTANT_CONVERSION = YES;
				CLANG_WARN_DEPRECATED_OBJC_IMPLEMENTATIONS = YES;
				CLANG_WARN_DIRECT_OBJC_ISA_USAGE = YES_ERROR;
				CLANG_WARN_DOCUMENTATION_COMMENTS = YES;
				CLANG_WARN_EMPTY_BODY = YES;
				CLANG_WARN_ENUM_CONVERSION = YES;
				CLANG_WARN_INFINITE_RECURSION = YES;
				CLANG_WARN_INT_CONVERSION = YES;
				CLANG_WARN_NON_LITERAL_NULL_CONVERSION = YES;
				CLANG_WARN_OBJC_IMPLICIT_RETAIN_SELF = YES;
				CLANG_WARN_OBJC_LITERAL_CONVERSION = YES;
				CLANG_WARN_OBJC_ROOT_CLASS = YES_ERROR;
				CLANG_WARN_QUOTED_INCLUDE_IN_FRAMEWORK_HEADER = YES;
				CLANG_WARN_RANGE_LOOP_ANALYSIS = YES;
				CLANG_WARN_STRICT_PROTOTYPES = YES;
				CLANG_WARN_SUSPICIOUS_MOVE = YES;
				CLANG_WARN_UNGUARDED_AVAILABILITY = YES_AGGRESSIVE;
				CLANG_WARN_UNREACHABLE_CODE = YES;
				CLANG_WARN__DUPLICATE_METHOD_MATCH = YES;
				COPY_PHASE_STRIP = NO;
				DEBUG_INFORMATION_FORMAT = "dwarf-with-dsym";
				ENABLE_NS_ASSERTIONS = NO;
				ENABLE_STRICT_OBJC_MSGSEND = YES;
				ENABLE_USER_SCRIPT_SANDBOXING = YES;
				GCC_C_LANGUAGE_STANDARD = gnu17;
				GCC_NO_COMMON_BLOCKS = YES;
				GCC_WARN_64_TO_32_BIT_CONVERSION = YES;
				GCC_WARN_ABOUT_RETURN_TYPE = YES_ERROR;
				GCC_WARN_UNDECLARED_SELECTOR = YES;
				GCC_WARN_UNINITIALIZED_AUTOS = YES_AGGRESSIVE;
				GCC_WARN_UNUSED_FUNCTION = YES;
				GCC_WARN_UNUSED_VARIABLE = YES;
				IPHONEOS_DEPLOYMENT_TARGET = 17.4;
				LOCALIZATION_PREFERS_STRING_CATALOGS = YES;
				MTL_ENABLE_DEBUG_INFO = NO;
				MTL_FAST_MATH = YES;
				SDKROOT = iphoneos;
				SWIFT_COMPILATION_MODE = wholemodule;
				VALIDATE_PRODUCT = YES;
			};
			name = Release;
		};
		CF5DB7CE2B9AC2EF00FF61D6 /* Debug */ = {
			isa = XCBuildConfiguration;
			buildSettings = {
				ASSETCATALOG_COMPILER_APPICON_NAME = AppIcon;
				ASSETCATALOG_COMPILER_GLOBAL_ACCENT_COLOR_NAME = AccentColor;
				CODE_SIGN_STYLE = Automatic;
				CURRENT_PROJECT_VERSION = 1;
				DEVELOPMENT_ASSET_PATHS = "\"route-planning-app/Preview Content\"";
				DEVELOPMENT_TEAM = 9P4H9V8B86;
				ENABLE_PREVIEWS = YES;
				GENERATE_INFOPLIST_FILE = YES;
				INFOPLIST_KEY_UIApplicationSceneManifest_Generation = YES;
				INFOPLIST_KEY_UIApplicationSupportsIndirectInputEvents = YES;
				INFOPLIST_KEY_UILaunchScreen_Generation = YES;
				INFOPLIST_KEY_UISupportedInterfaceOrientations_iPad = "UIInterfaceOrientationPortrait UIInterfaceOrientationPortraitUpsideDown UIInterfaceOrientationLandscapeLeft UIInterfaceOrientationLandscapeRight";
				INFOPLIST_KEY_UISupportedInterfaceOrientations_iPhone = "UIInterfaceOrientationPortrait UIInterfaceOrientationLandscapeLeft UIInterfaceOrientationLandscapeRight";
				LD_RUNPATH_SEARCH_PATHS = (
					"$(inherited)",
					"@executable_path/Frameworks",
				);
				MARKETING_VERSION = 1.0;
				PRODUCT_BUNDLE_IDENTIFIER = "com.renesalomone.route-planning-app";
				PRODUCT_NAME = "$(TARGET_NAME)";
				SWIFT_EMIT_LOC_STRINGS = YES;
				SWIFT_VERSION = 5.0;
				TARGETED_DEVICE_FAMILY = "1,2";
			};
			name = Debug;
		};
		CF5DB7CF2B9AC2EF00FF61D6 /* Release */ = {
			isa = XCBuildConfiguration;
			buildSettings = {
				ASSETCATALOG_COMPILER_APPICON_NAME = AppIcon;
				ASSETCATALOG_COMPILER_GLOBAL_ACCENT_COLOR_NAME = AccentColor;
				CODE_SIGN_STYLE = Automatic;
				CURRENT_PROJECT_VERSION = 1;
				DEVELOPMENT_ASSET_PATHS = "\"route-planning-app/Preview Content\"";
				DEVELOPMENT_TEAM = 9P4H9V8B86;
				ENABLE_PREVIEWS = YES;
				GENERATE_INFOPLIST_FILE = YES;
				INFOPLIST_KEY_UIApplicationSceneManifest_Generation = YES;
				INFOPLIST_KEY_UIApplicationSupportsIndirectInputEvents = YES;
				INFOPLIST_KEY_UILaunchScreen_Generation = YES;
				INFOPLIST_KEY_UISupportedInterfaceOrientations_iPad = "UIInterfaceOrientationPortrait UIInterfaceOrientationPortraitUpsideDown UIInterfaceOrientationLandscapeLeft UIInterfaceOrientationLandscapeRight";
				INFOPLIST_KEY_UISupportedInterfaceOrientations_iPhone = "UIInterfaceOrientationPortrait UIInterfaceOrientationLandscapeLeft UIInterfaceOrientationLandscapeRight";
				LD_RUNPATH_SEARCH_PATHS = (
					"$(inherited)",
					"@executable_path/Frameworks",
				);
				MARKETING_VERSION = 1.0;
				PRODUCT_BUNDLE_IDENTIFIER = "com.renesalomone.route-planning-app";
				PRODUCT_NAME = "$(TARGET_NAME)";
				SWIFT_EMIT_LOC_STRINGS = YES;
				SWIFT_VERSION = 5.0;
				TARGETED_DEVICE_FAMILY = "1,2";
			};
			name = Release;
		};
/* End XCBuildConfiguration section */

/* Begin XCConfigurationList section */
		CF5DB7BA2B9AC2EC00FF61D6 /* Build configuration list for PBXProject "route-planning-app" */ = {
			isa = XCConfigurationList;
			buildConfigurations = (
				CF5DB7CB2B9AC2EF00FF61D6 /* Debug */,
				CF5DB7CC2B9AC2EF00FF61D6 /* Release */,
			);
			defaultConfigurationIsVisible = 0;
			defaultConfigurationName = Release;
		};
		CF5DB7CD2B9AC2EF00FF61D6 /* Build configuration list for PBXNativeTarget "route-planning-app" */ = {
			isa = XCConfigurationList;
			buildConfigurations = (
				CF5DB7CE2B9AC2EF00FF61D6 /* Debug */,
				CF5DB7CF2B9AC2EF00FF61D6 /* Release */,
			);
			defaultConfigurationIsVisible = 0;
			defaultConfigurationName = Release;
		};
/* End XCConfigurationList section */

/* Begin XCRemoteSwiftPackageReference section */
		CF5DB7E12B9AEBAB00FF61D6 /* XCRemoteSwiftPackageReference "firebase-ios-sdk" */ = {
			isa = XCRemoteSwiftPackageReference;
			repositoryURL = "https://github.com/firebase/firebase-ios-sdk";
			requirement = {
				kind = upToNextMajorVersion;
				minimumVersion = 10.22.1;
			};
		};
/* End XCRemoteSwiftPackageReference section */

/* Begin XCSwiftPackageProductDependency section */
		CF5DB7E22B9AEBAC00FF61D6 /* FirebaseAnalytics */ = {
			isa = XCSwiftPackageProductDependency;
			package = CF5DB7E12B9AEBAB00FF61D6 /* XCRemoteSwiftPackageReference "firebase-ios-sdk" */;
			productName = FirebaseAnalytics;
		};
		CF5DB7E42B9AEBAC00FF61D6 /* FirebaseAnalyticsSwift */ = {
			isa = XCSwiftPackageProductDependency;
			package = CF5DB7E12B9AEBAB00FF61D6 /* XCRemoteSwiftPackageReference "firebase-ios-sdk" */;
			productName = FirebaseAnalyticsSwift;
		};
		CF5DB7E62B9AEBAC00FF61D6 /* FirebaseAuth */ = {
			isa = XCSwiftPackageProductDependency;
			package = CF5DB7E12B9AEBAB00FF61D6 /* XCRemoteSwiftPackageReference "firebase-ios-sdk" */;
			productName = FirebaseAuth;
		};
		CF5DB7E82B9AEBAC00FF61D6 /* FirebaseFirestore */ = {
			isa = XCSwiftPackageProductDependency;
			package = CF5DB7E12B9AEBAB00FF61D6 /* XCRemoteSwiftPackageReference "firebase-ios-sdk" */;
			productName = FirebaseFirestore;
		};
/* End XCSwiftPackageProductDependency section */
	};
	rootObject = CF5DB7B72B9AC2EC00FF61D6 /* Project object */;
}
